
Microsoft Visual Studio Solution File, Format Version 12.00
# Visual Studio Version 17
VisualStudioVersion = 17.2.32630.192
MinimumVisualStudioVersion = 10.0.40219.1
Project("{9A19103F-16F7-4668-BE54-9A1E7A4F7556}") = "FGA_HelpDesk", "FGA_HelpDesk\FGA_HelpDesk.csproj", "{8A755247-4E5B-4D93-8E0E-DCF0C9879CAF}"
EndProject
Project("{FAE04EC0-301F-11D3-BF4B-00C04F79EFBC}") = "FGA_DAL", "FGA_DAL\FGA_DAL.csproj", "{0AB59F80-671B-415C-8771-2072412B783E}"
EndProject
Project("{FAE04EC0-301F-11D3-BF4B-00C04F79EFBC}") = "FGA_GUtility", "FGA_GUtility\FGA_GUtility.csproj", "{8E456E37-4402-48F6-9606-19F8F12CB145}"
EndProject
Global
	GlobalSection(SolutionConfigurationPlatforms) = preSolution
		Debug|Any CPU = Debug|Any CPU
		Release|Any CPU = Release|Any CPU
	EndGlobalSection
	GlobalSection(ProjectConfigurationPlatforms) = postSolution
		{8A755247-4E5B-4D93-8E0E-DCF0C9879CAF}.Debug|Any CPU.ActiveCfg = Debug|Any CPU
		{8A755247-4E5B-4D93-8E0E-DCF0C9879CAF}.Debug|Any CPU.Build.0 = Debug|Any CPU
		{8A755247-4E5B-4D93-8E0E-DCF0C9879CAF}.Release|Any CPU.ActiveCfg = Release|Any CPU
		{8A755247-4E5B-4D93-8E0E-DCF0C9879CAF}.Release|Any CPU.Build.0 = Release|Any CPU
		{0AB59F80-671B-415C-8771-2072412B783E}.Debug|Any CPU.ActiveCfg = Debug|Any CPU
		{0AB59F80-671B-415C-8771-2072412B783E}.Debug|Any CPU.Build.0 = Debug|Any CPU
		{0AB59F80-671B-415C-8771-2072412B783E}.Release|Any CPU.ActiveCfg = Release|Any CPU
		{0AB59F80-671B-415C-8771-2072412B783E}.Release|Any CPU.Build.0 = Release|Any CPU
		{8E456E37-4402-48F6-9606-19F8F12CB145}.Debug|Any CPU.ActiveCfg = Debug|Any CPU
		{8E456E37-4402-48F6-9606-19F8F12CB145}.Debug|Any CPU.Build.0 = Debug|Any CPU
		{8E456E37-4402-48F6-9606-19F8F12CB145}.Release|Any CPU.ActiveCfg = Release|Any CPU
		{8E456E37-4402-48F6-9606-19F8F12CB145}.Release|Any CPU.Build.0 = Release|Any CPU
	EndGlobalSection
	GlobalSection(SolutionProperties) = preSolution
		HideSolutionNode = FALSE
	EndGlobalSection
	GlobalSection(ExtensibilityGlobals) = postSolution
		SolutionGuid = {5C1425A6-7E99-42B9-B85C-86F42C898150}
	EndGlobalSection
EndGlobal
